
Microsoft Visual Studio Solution File, Format Version 12.00
# Visual Studio Version 17
VisualStudioVersion = 17.7.34009.444
MinimumVisualStudioVersion = 10.0.40219.1
Project("{FAE04EC0-301F-11D3-BF4B-00C04F79EFBC}") = "WeChatMultipleOpen", "WeChatMultipleOpen.csproj", "{ECAD2FF1-93B2-4F46-8051-FB44F946C950}"
EndProject
Global
	GlobalSection(SolutionConfigurationPlatforms) = preSolution
		Debug|Any CPU = Debug|Any CPU
		Release|Any CPU = Release|Any CPU
	EndGlobalSection
	GlobalSection(ProjectConfigurationPlatforms) = postSolution
		{ECAD2FF1-93B2-4F46-8051-FB44F946C950}.Debug|Any CPU.ActiveCfg = Debug|Any CPU
		{ECAD2FF1-93B2-4F46-8051-FB44F946C950}.Debug|Any CPU.Build.0 = Debug|Any CPU
		{ECAD2FF1-93B2-4F46-8051-FB44F946C950}.Release|Any CPU.ActiveCfg = Release|Any CPU
		{ECAD2FF1-93B2-4F46-8051-FB44F946C950}.Release|Any CPU.Build.0 = Release|Any CPU
	EndGlobalSection
	GlobalSection(SolutionProperties) = preSolution
		HideSolutionNode = FALSE
	EndGlobalSection
	GlobalSection(ExtensibilityGlobals) = postSolution
		SolutionGuid = {B8BA5D12-1419-4906-89BC-81B2746D937E}
	EndGlobalSection
EndGlobal
